
Microsoft Visual Studio Solution File, Format Version 12.00
# Visual Studio Version 17
VisualStudioVersion = 17.9.34723.18
MinimumVisualStudioVersion = 10.0.40219.1
Project("{2150E333-8FDC-42A3-9474-1A3956D46DE8}") = "Feature", "Feature", "{0091AA38-79B2-4CFB-A05E-F3941769C9B2}"
EndProject
Project("{2150E333-8FDC-42A3-9474-1A3956D46DE8}") = "Foundation", "Foundation", "{A519D745-FE53-4305-8266-294C13D88392}"
EndProject
Project("{2150E333-8FDC-42A3-9474-1A3956D46DE8}") = "Project", "Project", "{E857BA55-F80F-4FCD-85B8-8D07FA16771D}"
EndProject
Project("{9A19103F-16F7-4668-BE54-9A1E7A4F7556}") = "Configuration", "Foundation\Configuration\Configuration.csproj", "{E36B264D-622C-4818-BC52-854A57ED3D84}"
EndProject
Project("{9A19103F-16F7-4668-BE54-9A1E7A4F7556}") = "IoC", "Foundation\IoC\IoC.csproj", "{9051DF88-1488-4850-9E39-1BD644FF2C26}"
EndProject
Project("{9A19103F-16F7-4668-BE54-9A1E7A4F7556}") = "ConfigurationService", "Feature\ConfigurationService\ConfigurationService.csproj", "{1028CC02-663D-4F84-BB76-2CAF66E85B6A}"
EndProject
Project("{9A19103F-16F7-4668-BE54-9A1E7A4F7556}") = "SalaryCalculator", "Project\SalaryCalculator\SalaryCalculator.csproj", "{D997A262-E049-4F8C-93B9-0BC6D19938AF}"
EndProject
Project("{9A19103F-16F7-4668-BE54-9A1E7A4F7556}") = "SalaryCalculation", "Feature\SalaryCalculation\SalaryCalculation.csproj", "{94189F67-D193-4D0E-BF18-FB3231E994E7}"
EndProject
Project("{9A19103F-16F7-4668-BE54-9A1E7A4F7556}") = "SalaryCalculatorTest", "SalaryCalculatorTest\SalaryCalculatorTest.csproj", "{E5793F00-2039-4D38-B7BC-07D7EF0FE63D}"
EndProject
Project("{FAE04EC0-301F-11D3-BF4B-00C04F79EFBC}") = "Logging", "Foundation\Logging\Logging.csproj", "{CA5FF9F9-2477-4CB1-A1B9-497C7BED44C5}"
EndProject
Global
	GlobalSection(SolutionConfigurationPlatforms) = preSolution
		Debug|Any CPU = Debug|Any CPU
		Release|Any CPU = Release|Any CPU
	EndGlobalSection
	GlobalSection(ProjectConfigurationPlatforms) = postSolution
		{E36B264D-622C-4818-BC52-854A57ED3D84}.Debug|Any CPU.ActiveCfg = Debug|Any CPU
		{E36B264D-622C-4818-BC52-854A57ED3D84}.Debug|Any CPU.Build.0 = Debug|Any CPU
		{E36B264D-622C-4818-BC52-854A57ED3D84}.Release|Any CPU.ActiveCfg = Release|Any CPU
		{E36B264D-622C-4818-BC52-854A57ED3D84}.Release|Any CPU.Build.0 = Release|Any CPU
		{9051DF88-1488-4850-9E39-1BD644FF2C26}.Debug|Any CPU.ActiveCfg = Debug|Any CPU
		{9051DF88-1488-4850-9E39-1BD644FF2C26}.Debug|Any CPU.Build.0 = Debug|Any CPU
		{9051DF88-1488-4850-9E39-1BD644FF2C26}.Release|Any CPU.ActiveCfg = Release|Any CPU
		{9051DF88-1488-4850-9E39-1BD644FF2C26}.Release|Any CPU.Build.0 = Release|Any CPU
		{1028CC02-663D-4F84-BB76-2CAF66E85B6A}.Debug|Any CPU.ActiveCfg = Debug|Any CPU
		{1028CC02-663D-4F84-BB76-2CAF66E85B6A}.Debug|Any CPU.Build.0 = Debug|Any CPU
		{1028CC02-663D-4F84-BB76-2CAF66E85B6A}.Release|Any CPU.ActiveCfg = Release|Any CPU
		{1028CC02-663D-4F84-BB76-2CAF66E85B6A}.Release|Any CPU.Build.0 = Release|Any CPU
		{D997A262-E049-4F8C-93B9-0BC6D19938AF}.Debug|Any CPU.ActiveCfg = Debug|Any CPU
		{D997A262-E049-4F8C-93B9-0BC6D19938AF}.Debug|Any CPU.Build.0 = Debug|Any CPU
		{D997A262-E049-4F8C-93B9-0BC6D19938AF}.Release|Any CPU.ActiveCfg = Release|Any CPU
		{D997A262-E049-4F8C-93B9-0BC6D19938AF}.Release|Any CPU.Build.0 = Release|Any CPU
		{94189F67-D193-4D0E-BF18-FB3231E994E7}.Debug|Any CPU.ActiveCfg = Debug|Any CPU
		{94189F67-D193-4D0E-BF18-FB3231E994E7}.Debug|Any CPU.Build.0 = Debug|Any CPU
		{94189F67-D193-4D0E-BF18-FB3231E994E7}.Release|Any CPU.ActiveCfg = Release|Any CPU
		{94189F67-D193-4D0E-BF18-FB3231E994E7}.Release|Any CPU.Build.0 = Release|Any CPU
		{E5793F00-2039-4D38-B7BC-07D7EF0FE63D}.Debug|Any CPU.ActiveCfg = Debug|Any CPU
		{E5793F00-2039-4D38-B7BC-07D7EF0FE63D}.Debug|Any CPU.Build.0 = Debug|Any CPU
		{E5793F00-2039-4D38-B7BC-07D7EF0FE63D}.Release|Any CPU.ActiveCfg = Release|Any CPU
		{E5793F00-2039-4D38-B7BC-07D7EF0FE63D}.Release|Any CPU.Build.0 = Release|Any CPU
		{CA5FF9F9-2477-4CB1-A1B9-497C7BED44C5}.Debug|Any CPU.ActiveCfg = Debug|Any CPU
		{CA5FF9F9-2477-4CB1-A1B9-497C7BED44C5}.Debug|Any CPU.Build.0 = Debug|Any CPU
		{CA5FF9F9-2477-4CB1-A1B9-497C7BED44C5}.Release|Any CPU.ActiveCfg = Release|Any CPU
		{CA5FF9F9-2477-4CB1-A1B9-497C7BED44C5}.Release|Any CPU.Build.0 = Release|Any CPU
	EndGlobalSection
	GlobalSection(SolutionProperties) = preSolution
		HideSolutionNode = FALSE
	EndGlobalSection
	GlobalSection(NestedProjects) = preSolution
		{E36B264D-622C-4818-BC52-854A57ED3D84} = {A519D745-FE53-4305-8266-294C13D88392}
		{9051DF88-1488-4850-9E39-1BD644FF2C26} = {A519D745-FE53-4305-8266-294C13D88392}
		{1028CC02-663D-4F84-BB76-2CAF66E85B6A} = {0091AA38-79B2-4CFB-A05E-F3941769C9B2}
		{D997A262-E049-4F8C-93B9-0BC6D19938AF} = {E857BA55-F80F-4FCD-85B8-8D07FA16771D}
		{94189F67-D193-4D0E-BF18-FB3231E994E7} = {0091AA38-79B2-4CFB-A05E-F3941769C9B2}
		{CA5FF9F9-2477-4CB1-A1B9-497C7BED44C5} = {A519D745-FE53-4305-8266-294C13D88392}
	EndGlobalSection
	GlobalSection(ExtensibilityGlobals) = postSolution
		SolutionGuid = {FADFB1EF-DCDA-4D2F-A753-B3E4D00B45A9}
	EndGlobalSection
EndGlobal
